
Microsoft Visual Studio Solution File, Format Version 12.00
# Visual Studio 15
VisualStudioVersion = 15.0.26228.12
MinimumVisualStudioVersion = 10.0.40219.1
Project("{9A19103F-16F7-4668-BE54-9A1E7A4F7556}") = "Axe.SimpleHttpMock", "src\Axe.SimpleHttpMock\Axe.SimpleHttpMock.csproj", "{31FEAC50-B80A-442E-B350-20CCB16B0C41}"
EndProject
Project("{9A19103F-16F7-4668-BE54-9A1E7A4F7556}") = "Axe.SimpleHttpMock.Test", "test\Axe.SimpleHttpMock.Test\Axe.SimpleHttpMock.Test.csproj", "{5B20C682-3CE1-4BFA-9EA4-379779D72E1A}"
EndProject
Global
	GlobalSection(SolutionConfigurationPlatforms) = preSolution
		Debug|Any CPU = Debug|Any CPU
		Release|Any CPU = Release|Any CPU
	EndGlobalSection
	GlobalSection(ProjectConfigurationPlatforms) = postSolution
		{31FEAC50-B80A-442E-B350-20CCB16B0C41}.Debug|Any CPU.ActiveCfg = Debug|Any CPU
		{31FEAC50-B80A-442E-B350-20CCB16B0C41}.Debug|Any CPU.Build.0 = Debug|Any CPU
		{31FEAC50-B80A-442E-B350-20CCB16B0C41}.Release|Any CPU.ActiveCfg = Release|Any CPU
		{31FEAC50-B80A-442E-B350-20CCB16B0C41}.Release|Any CPU.Build.0 = Release|Any CPU
		{5B20C682-3CE1-4BFA-9EA4-379779D72E1A}.Debug|Any CPU.ActiveCfg = Debug|Any CPU
		{5B20C682-3CE1-4BFA-9EA4-379779D72E1A}.Debug|Any CPU.Build.0 = Debug|Any CPU
		{5B20C682-3CE1-4BFA-9EA4-379779D72E1A}.Release|Any CPU.ActiveCfg = Release|Any CPU
		{5B20C682-3CE1-4BFA-9EA4-379779D72E1A}.Release|Any CPU.Build.0 = Release|Any CPU
	EndGlobalSection
	GlobalSection(SolutionProperties) = preSolution
		HideSolutionNode = FALSE
	EndGlobalSection
EndGlobal
